
Microsoft Visual Studio Solution File, Format Version 12.00
# Visual Studio 15
VisualStudioVersion = 15.0.27703.2000
MinimumVisualStudioVersion = 10.0.40219.1
Project("{FAE04EC0-301F-11D3-BF4B-00C04F79EFBC}") = "WhateverYouWantDB", "WhateverYouWantDB\WhateverYouWantDB.csproj", "{3693A1EC-8FDC-4F9B-879D-0657CC9B1036}"
EndProject
Global
	GlobalSection(SolutionConfigurationPlatforms) = preSolution
		Debug|Any CPU = Debug|Any CPU
		Release|Any CPU = Release|Any CPU
	EndGlobalSection
	GlobalSection(ProjectConfigurationPlatforms) = postSolution
		{3693A1EC-8FDC-4F9B-879D-0657CC9B1036}.Debug|Any CPU.ActiveCfg = Debug|Any CPU
		{3693A1EC-8FDC-4F9B-879D-0657CC9B1036}.Debug|Any CPU.Build.0 = Debug|Any CPU
		{3693A1EC-8FDC-4F9B-879D-0657CC9B1036}.Release|Any CPU.ActiveCfg = Release|Any CPU
		{3693A1EC-8FDC-4F9B-879D-0657CC9B1036}.Release|Any CPU.Build.0 = Release|Any CPU
	EndGlobalSection
	GlobalSection(SolutionProperties) = preSolution
		HideSolutionNode = FALSE
	EndGlobalSection
	GlobalSection(ExtensibilityGlobals) = postSolution
		SolutionGuid = {790B91ED-2463-4281-9548-5CDFB5A2E9EE}
	EndGlobalSection
EndGlobal
